
Microsoft Visual Studio Solution File, Format Version 12.00
# Visual Studio 15
VisualStudioVersion = 15.0.27130.2036
MinimumVisualStudioVersion = 10.0.40219.1
Project("{9A19103F-16F7-4668-BE54-9A1E7A4F7556}") = "SystemsRx.Tests", "SystemsRx.Tests\SystemsRx.Tests.csproj", "{861D05A9-001B-48E1-BDB1-8ABDC8C2273E}"
EndProject
Project("{2150E333-8FDC-42A3-9474-1A3956D46DE8}") = "Framework", "Framework", "{1B6A21E2-A539-42B6-9234-6687CD36C2A0}"
EndProject
Project("{2150E333-8FDC-42A3-9474-1A3956D46DE8}") = "Tests", "Tests", "{DDDDD3FE-5FB1-465B-9A8E-F77047B23A6E}"
EndProject
Project("{FAE04EC0-301F-11D3-BF4B-00C04F79EFBC}") = "SystemsRx.MicroRx", "SystemsRx.MicroRx\SystemsRx.MicroRx.csproj", "{90D18FA6-C6C6-46BB-816D-D0401453768C}"
EndProject
Project("{2150E333-8FDC-42A3-9474-1A3956D46DE8}") = "Extras", "Extras", "{4197CF20-C162-449D-A3A5-D50BF9476796}"
EndProject
Project("{FAE04EC0-301F-11D3-BF4B-00C04F79EFBC}") = "SystemsRx.Infrastructure.Ninject", "SystemsRx.Infrastructure.Ninject\SystemsRx.Infrastructure.Ninject.csproj", "{0E819E0B-442D-4EEC-B55D-A63D611EA2EB}"
EndProject
Project("{FAE04EC0-301F-11D3-BF4B-00C04F79EFBC}") = "SystemsRx.ReactiveData", "SystemsRx.ReactiveData\SystemsRx.ReactiveData.csproj", "{5B023C9B-F82C-4AF3-9ED1-FD3278C27A5D}"
EndProject
Project("{FAE04EC0-301F-11D3-BF4B-00C04F79EFBC}") = "SystemsRx", "SystemsRx\SystemsRx.csproj", "{4108FD71-E687-416B-BC98-5DAF5F7113AD}"
EndProject
Project("{FAE04EC0-301F-11D3-BF4B-00C04F79EFBC}") = "SystemsRx.Infrastructure", "SystemsRx.Infrastructure\SystemsRx.Infrastructure.csproj", "{C093DA78-1AAD-43CE-A9FA-DB568D8AD580}"
EndProject
Project("{2150E333-8FDC-42A3-9474-1A3956D46DE8}") = "Plugins", "Plugins", "{13C7ABF5-D63D-419F-9B95-393212DC1E8E}"
EndProject
Project("{FAE04EC0-301F-11D3-BF4B-00C04F79EFBC}") = "SystemsRx.Plugins.Computeds", "SystemsRx.Plugins.Computeds\SystemsRx.Plugins.Computeds.csproj", "{38C065A1-B27B-4C5B-8ED3-3963D48A0905}"
EndProject
Global
	GlobalSection(SolutionConfigurationPlatforms) = preSolution
		Debug|Any CPU = Debug|Any CPU
		Release|Any CPU = Release|Any CPU
	EndGlobalSection
	GlobalSection(ProjectConfigurationPlatforms) = postSolution
		{861D05A9-001B-48E1-BDB1-8ABDC8C2273E}.Debug|Any CPU.ActiveCfg = Debug|Any CPU
		{861D05A9-001B-48E1-BDB1-8ABDC8C2273E}.Debug|Any CPU.Build.0 = Debug|Any CPU
		{861D05A9-001B-48E1-BDB1-8ABDC8C2273E}.Release|Any CPU.ActiveCfg = Release|Any CPU
		{861D05A9-001B-48E1-BDB1-8ABDC8C2273E}.Release|Any CPU.Build.0 = Release|Any CPU
		{90D18FA6-C6C6-46BB-816D-D0401453768C}.Debug|Any CPU.ActiveCfg = Debug|Any CPU
		{90D18FA6-C6C6-46BB-816D-D0401453768C}.Debug|Any CPU.Build.0 = Debug|Any CPU
		{90D18FA6-C6C6-46BB-816D-D0401453768C}.Release|Any CPU.ActiveCfg = Release|Any CPU
		{90D18FA6-C6C6-46BB-816D-D0401453768C}.Release|Any CPU.Build.0 = Release|Any CPU
		{0E819E0B-442D-4EEC-B55D-A63D611EA2EB}.Debug|Any CPU.ActiveCfg = Debug|Any CPU
		{0E819E0B-442D-4EEC-B55D-A63D611EA2EB}.Debug|Any CPU.Build.0 = Debug|Any CPU
		{0E819E0B-442D-4EEC-B55D-A63D611EA2EB}.Release|Any CPU.ActiveCfg = Release|Any CPU
		{0E819E0B-442D-4EEC-B55D-A63D611EA2EB}.Release|Any CPU.Build.0 = Release|Any CPU
		{5B023C9B-F82C-4AF3-9ED1-FD3278C27A5D}.Debug|Any CPU.ActiveCfg = Debug|Any CPU
		{5B023C9B-F82C-4AF3-9ED1-FD3278C27A5D}.Debug|Any CPU.Build.0 = Debug|Any CPU
		{5B023C9B-F82C-4AF3-9ED1-FD3278C27A5D}.Release|Any CPU.ActiveCfg = Release|Any CPU
		{5B023C9B-F82C-4AF3-9ED1-FD3278C27A5D}.Release|Any CPU.Build.0 = Release|Any CPU
		{4108FD71-E687-416B-BC98-5DAF5F7113AD}.Debug|Any CPU.ActiveCfg = Debug|Any CPU
		{4108FD71-E687-416B-BC98-5DAF5F7113AD}.Debug|Any CPU.Build.0 = Debug|Any CPU
		{4108FD71-E687-416B-BC98-5DAF5F7113AD}.Release|Any CPU.ActiveCfg = Release|Any CPU
		{4108FD71-E687-416B-BC98-5DAF5F7113AD}.Release|Any CPU.Build.0 = Release|Any CPU
		{C093DA78-1AAD-43CE-A9FA-DB568D8AD580}.Debug|Any CPU.ActiveCfg = Debug|Any CPU
		{C093DA78-1AAD-43CE-A9FA-DB568D8AD580}.Debug|Any CPU.Build.0 = Debug|Any CPU
		{C093DA78-1AAD-43CE-A9FA-DB568D8AD580}.Release|Any CPU.ActiveCfg = Release|Any CPU
		{C093DA78-1AAD-43CE-A9FA-DB568D8AD580}.Release|Any CPU.Build.0 = Release|Any CPU
		{38C065A1-B27B-4C5B-8ED3-3963D48A0905}.Debug|Any CPU.ActiveCfg = Debug|Any CPU
		{38C065A1-B27B-4C5B-8ED3-3963D48A0905}.Debug|Any CPU.Build.0 = Debug|Any CPU
		{38C065A1-B27B-4C5B-8ED3-3963D48A0905}.Release|Any CPU.ActiveCfg = Release|Any CPU
		{38C065A1-B27B-4C5B-8ED3-3963D48A0905}.Release|Any CPU.Build.0 = Release|Any CPU
	EndGlobalSection
	GlobalSection(SolutionProperties) = preSolution
		HideSolutionNode = FALSE
	EndGlobalSection
	GlobalSection(NestedProjects) = preSolution
		{861D05A9-001B-48E1-BDB1-8ABDC8C2273E} = {DDDDD3FE-5FB1-465B-9A8E-F77047B23A6E}
		{90D18FA6-C6C6-46BB-816D-D0401453768C} = {1B6A21E2-A539-42B6-9234-6687CD36C2A0}
		{0E819E0B-442D-4EEC-B55D-A63D611EA2EB} = {4197CF20-C162-449D-A3A5-D50BF9476796}
		{5B023C9B-F82C-4AF3-9ED1-FD3278C27A5D} = {4197CF20-C162-449D-A3A5-D50BF9476796}
		{4108FD71-E687-416B-BC98-5DAF5F7113AD} = {1B6A21E2-A539-42B6-9234-6687CD36C2A0}
		{C093DA78-1AAD-43CE-A9FA-DB568D8AD580} = {1B6A21E2-A539-42B6-9234-6687CD36C2A0}
		{38C065A1-B27B-4C5B-8ED3-3963D48A0905} = {13C7ABF5-D63D-419F-9B95-393212DC1E8E}
	EndGlobalSection
	GlobalSection(ExtensibilityGlobals) = postSolution
		SolutionGuid = {C9292D27-B07F-42D9-94D7-38263CA662DB}
	EndGlobalSection
EndGlobal
