
Microsoft Visual Studio Solution File, Format Version 12.00
# Visual Studio 15
VisualStudioVersion = 15.0.27130.2036
MinimumVisualStudioVersion = 10.0.40219.1
Project("{9A19103F-16F7-4668-BE54-9A1E7A4F7556}") = "SystemsRx.Tests", "SystemsRx.Tests\SystemsRx.Tests.csproj", "{861D05A9-001B-48E1-BDB1-8ABDC8C2273E}"
EndProject
Project("{2150E333-8FDC-42A3-9474-1A3956D46DE8}") = "Framework", "Framework", "{1B6A21E2-A539-42B6-9234-6687CD36C2A0}"
EndProject
Project("{2150E333-8FDC-42A3-9474-1A3956D46DE8}") = "Tests", "Tests", "{DDDDD3FE-5FB1-465B-9A8E-F77047B23A6E}"
EndProject
Project("{2150E333-8FDC-42A3-9474-1A3956D46DE8}") = "Extras", "Extras", "{4197CF20-C162-449D-A3A5-D50BF9476796}"
EndProject
Project("{FAE04EC0-301F-11D3-BF4B-00C04F79EFBC}") = "SystemsRx.Infrastructure.Ninject", "SystemsRx.Infrastructure.Ninject\SystemsRx.Infrastructure.Ninject.csproj", "{0E819E0B-442D-4EEC-B55D-A63D611EA2EB}"
EndProject
Project("{FAE04EC0-301F-11D3-BF4B-00C04F79EFBC}") = "SystemsRx", "SystemsRx\SystemsRx.csproj", "{4108FD71-E687-416B-BC98-5DAF5F7113AD}"
EndProject
Project("{FAE04EC0-301F-11D3-BF4B-00C04F79EFBC}") = "SystemsRx.Infrastructure", "SystemsRx.Infrastructure\SystemsRx.Infrastructure.csproj", "{C093DA78-1AAD-43CE-A9FA-DB568D8AD580}"
EndProject
Project("{2150E333-8FDC-42A3-9474-1A3956D46DE8}") = "Plugins", "Plugins", "{13C7ABF5-D63D-419F-9B95-393212DC1E8E}"
EndProject
Project("{FAE04EC0-301F-11D3-BF4B-00C04F79EFBC}") = "SystemsRx.Infrastructure.MicrosoftDependencyInjection", "SystemsRx.Infrastructure.MicrosoftDependencyInjection\SystemsRx.Infrastructure.MicrosoftDependencyInjection.csproj", "{A2FF72C8-9EB1-4FC4-BBC8-360FA8374EFD}"
EndProject
Project("{FAE04EC0-301F-11D3-BF4B-00C04F79EFBC}") = "SystemRx.Tests.Infrastructure", "SystemRx.Tests.Infrastructure\SystemRx.Tests.Infrastructure.csproj", "{A75ABBC5-334A-4BEF-870C-EEB158FF44EE}"
EndProject
Project("{FAE04EC0-301F-11D3-BF4B-00C04F79EFBC}") = "SystemsRx.Infrastructure.Autofac", "SystemsRx.Infrastructure.Autofac\SystemsRx.Infrastructure.Autofac.csproj", "{8C139296-BEBC-4BDC-9C29-7F9740BDFB70}"
EndProject
Project("{FAE04EC0-301F-11D3-BF4B-00C04F79EFBC}") = "SystemsRx.Infrastructure.DryIoc", "SystemsRx.Infrastructure.DryIoc\SystemsRx.Infrastructure.DryIoc.csproj", "{D2FB2AF2-D709-4953-8446-D6FE21F0ADDF}"
EndProject
Project("{FAE04EC0-301F-11D3-BF4B-00C04F79EFBC}") = "SystemsRx.Plugins.Transforms", "SystemsRx.Plugins.Transforms\SystemsRx.Plugins.Transforms.csproj", "{8619DCB6-6C48-4AE9-A906-938B26344196}"
EndProject
Project("{FAE04EC0-301F-11D3-BF4B-00C04F79EFBC}") = "SystemsRx.Benchmarks", "SystemsRx.Benchmarks\SystemsRx.Benchmarks.csproj", "{09A20416-C370-4171-B186-65FFD5AC34A3}"
EndProject
Global
	GlobalSection(SolutionConfigurationPlatforms) = preSolution
		Debug|Any CPU = Debug|Any CPU
		Release|Any CPU = Release|Any CPU
	EndGlobalSection
	GlobalSection(ProjectConfigurationPlatforms) = postSolution
		{861D05A9-001B-48E1-BDB1-8ABDC8C2273E}.Debug|Any CPU.ActiveCfg = Debug|Any CPU
		{861D05A9-001B-48E1-BDB1-8ABDC8C2273E}.Debug|Any CPU.Build.0 = Debug|Any CPU
		{861D05A9-001B-48E1-BDB1-8ABDC8C2273E}.Release|Any CPU.ActiveCfg = Release|Any CPU
		{861D05A9-001B-48E1-BDB1-8ABDC8C2273E}.Release|Any CPU.Build.0 = Release|Any CPU
		{0E819E0B-442D-4EEC-B55D-A63D611EA2EB}.Debug|Any CPU.ActiveCfg = Debug|Any CPU
		{0E819E0B-442D-4EEC-B55D-A63D611EA2EB}.Debug|Any CPU.Build.0 = Debug|Any CPU
		{0E819E0B-442D-4EEC-B55D-A63D611EA2EB}.Release|Any CPU.ActiveCfg = Release|Any CPU
		{0E819E0B-442D-4EEC-B55D-A63D611EA2EB}.Release|Any CPU.Build.0 = Release|Any CPU
		{4108FD71-E687-416B-BC98-5DAF5F7113AD}.Debug|Any CPU.ActiveCfg = Debug|Any CPU
		{4108FD71-E687-416B-BC98-5DAF5F7113AD}.Debug|Any CPU.Build.0 = Debug|Any CPU
		{4108FD71-E687-416B-BC98-5DAF5F7113AD}.Release|Any CPU.ActiveCfg = Release|Any CPU
		{4108FD71-E687-416B-BC98-5DAF5F7113AD}.Release|Any CPU.Build.0 = Release|Any CPU
		{C093DA78-1AAD-43CE-A9FA-DB568D8AD580}.Debug|Any CPU.ActiveCfg = Debug|Any CPU
		{C093DA78-1AAD-43CE-A9FA-DB568D8AD580}.Debug|Any CPU.Build.0 = Debug|Any CPU
		{C093DA78-1AAD-43CE-A9FA-DB568D8AD580}.Release|Any CPU.ActiveCfg = Release|Any CPU
		{C093DA78-1AAD-43CE-A9FA-DB568D8AD580}.Release|Any CPU.Build.0 = Release|Any CPU
		{A2FF72C8-9EB1-4FC4-BBC8-360FA8374EFD}.Debug|Any CPU.ActiveCfg = Debug|Any CPU
		{A2FF72C8-9EB1-4FC4-BBC8-360FA8374EFD}.Debug|Any CPU.Build.0 = Debug|Any CPU
		{A2FF72C8-9EB1-4FC4-BBC8-360FA8374EFD}.Release|Any CPU.ActiveCfg = Release|Any CPU
		{A2FF72C8-9EB1-4FC4-BBC8-360FA8374EFD}.Release|Any CPU.Build.0 = Release|Any CPU
		{A75ABBC5-334A-4BEF-870C-EEB158FF44EE}.Debug|Any CPU.ActiveCfg = Debug|Any CPU
		{A75ABBC5-334A-4BEF-870C-EEB158FF44EE}.Debug|Any CPU.Build.0 = Debug|Any CPU
		{A75ABBC5-334A-4BEF-870C-EEB158FF44EE}.Release|Any CPU.ActiveCfg = Release|Any CPU
		{A75ABBC5-334A-4BEF-870C-EEB158FF44EE}.Release|Any CPU.Build.0 = Release|Any CPU
		{8C139296-BEBC-4BDC-9C29-7F9740BDFB70}.Debug|Any CPU.ActiveCfg = Debug|Any CPU
		{8C139296-BEBC-4BDC-9C29-7F9740BDFB70}.Debug|Any CPU.Build.0 = Debug|Any CPU
		{8C139296-BEBC-4BDC-9C29-7F9740BDFB70}.Release|Any CPU.ActiveCfg = Release|Any CPU
		{8C139296-BEBC-4BDC-9C29-7F9740BDFB70}.Release|Any CPU.Build.0 = Release|Any CPU
		{D2FB2AF2-D709-4953-8446-D6FE21F0ADDF}.Debug|Any CPU.ActiveCfg = Debug|Any CPU
		{D2FB2AF2-D709-4953-8446-D6FE21F0ADDF}.Debug|Any CPU.Build.0 = Debug|Any CPU
		{D2FB2AF2-D709-4953-8446-D6FE21F0ADDF}.Release|Any CPU.ActiveCfg = Release|Any CPU
		{D2FB2AF2-D709-4953-8446-D6FE21F0ADDF}.Release|Any CPU.Build.0 = Release|Any CPU
		{8619DCB6-6C48-4AE9-A906-938B26344196}.Debug|Any CPU.ActiveCfg = Debug|Any CPU
		{8619DCB6-6C48-4AE9-A906-938B26344196}.Debug|Any CPU.Build.0 = Debug|Any CPU
		{8619DCB6-6C48-4AE9-A906-938B26344196}.Release|Any CPU.ActiveCfg = Release|Any CPU
		{8619DCB6-6C48-4AE9-A906-938B26344196}.Release|Any CPU.Build.0 = Release|Any CPU
		{09A20416-C370-4171-B186-65FFD5AC34A3}.Debug|Any CPU.ActiveCfg = Debug|Any CPU
		{09A20416-C370-4171-B186-65FFD5AC34A3}.Debug|Any CPU.Build.0 = Debug|Any CPU
		{09A20416-C370-4171-B186-65FFD5AC34A3}.Release|Any CPU.ActiveCfg = Release|Any CPU
		{09A20416-C370-4171-B186-65FFD5AC34A3}.Release|Any CPU.Build.0 = Release|Any CPU
	EndGlobalSection
	GlobalSection(SolutionProperties) = preSolution
		HideSolutionNode = FALSE
	EndGlobalSection
	GlobalSection(NestedProjects) = preSolution
		{861D05A9-001B-48E1-BDB1-8ABDC8C2273E} = {DDDDD3FE-5FB1-465B-9A8E-F77047B23A6E}
		{0E819E0B-442D-4EEC-B55D-A63D611EA2EB} = {4197CF20-C162-449D-A3A5-D50BF9476796}
		{4108FD71-E687-416B-BC98-5DAF5F7113AD} = {1B6A21E2-A539-42B6-9234-6687CD36C2A0}
		{C093DA78-1AAD-43CE-A9FA-DB568D8AD580} = {1B6A21E2-A539-42B6-9234-6687CD36C2A0}
		{A2FF72C8-9EB1-4FC4-BBC8-360FA8374EFD} = {4197CF20-C162-449D-A3A5-D50BF9476796}
		{A75ABBC5-334A-4BEF-870C-EEB158FF44EE} = {DDDDD3FE-5FB1-465B-9A8E-F77047B23A6E}
		{8C139296-BEBC-4BDC-9C29-7F9740BDFB70} = {4197CF20-C162-449D-A3A5-D50BF9476796}
		{D2FB2AF2-D709-4953-8446-D6FE21F0ADDF} = {4197CF20-C162-449D-A3A5-D50BF9476796}
		{8619DCB6-6C48-4AE9-A906-938B26344196} = {13C7ABF5-D63D-419F-9B95-393212DC1E8E}
		{09A20416-C370-4171-B186-65FFD5AC34A3} = {4197CF20-C162-449D-A3A5-D50BF9476796}
	EndGlobalSection
	GlobalSection(ExtensibilityGlobals) = postSolution
		SolutionGuid = {C9292D27-B07F-42D9-94D7-38263CA662DB}
	EndGlobalSection
EndGlobal
